
Microsoft Visual Studio Solution File, Format Version 12.00
Project("{FAE04EC0-301F-11D3-BF4B-00C04F79EFBC}") = "StopWatch", "StopWatch.csproj", "{2F7DF7F8-45E4-4025-832B-D53EE1CA893D}"
EndProject
Global
	GlobalSection(SolutionConfigurationPlatforms) = preSolution
		Debug|Any CPU = Debug|Any CPU
		Release|Any CPU = Release|Any CPU
	EndGlobalSection
	GlobalSection(ProjectConfigurationPlatforms) = postSolution
		{2F7DF7F8-45E4-4025-832B-D53EE1CA893D}.Debug|Any CPU.ActiveCfg = Debug|Any CPU
		{2F7DF7F8-45E4-4025-832B-D53EE1CA893D}.Debug|Any CPU.Build.0 = Debug|Any CPU
		{2F7DF7F8-45E4-4025-832B-D53EE1CA893D}.Release|Any CPU.ActiveCfg = Release|Any CPU
		{2F7DF7F8-45E4-4025-832B-D53EE1CA893D}.Release|Any CPU.Build.0 = Release|Any CPU
	EndGlobalSection
EndGlobal
